
Microsoft Visual Studio Solution File, Format Version 12.00
# Visual Studio Version 16
VisualStudioVersion = 16.0.31112.23
MinimumVisualStudioVersion = 10.0.40219.1
Project("{FAE04EC0-301F-11D3-BF4B-00C04F79EFBC}") = "ScriptAtRestServer", "ScriptAtRestServer.csproj", "{88337660-5128-4F85-A194-8C8DA4489142}"
EndProject
Global
	GlobalSection(SolutionConfigurationPlatforms) = preSolution
		Debug|Any CPU = Debug|Any CPU
		Release|Any CPU = Release|Any CPU
	EndGlobalSection
	GlobalSection(ProjectConfigurationPlatforms) = postSolution
		{88337660-5128-4F85-A194-8C8DA4489142}.Debug|Any CPU.ActiveCfg = Debug|Any CPU
		{88337660-5128-4F85-A194-8C8DA4489142}.Debug|Any CPU.Build.0 = Debug|Any CPU
		{88337660-5128-4F85-A194-8C8DA4489142}.Release|Any CPU.ActiveCfg = Release|Any CPU
		{88337660-5128-4F85-A194-8C8DA4489142}.Release|Any CPU.Build.0 = Release|Any CPU
	EndGlobalSection
	GlobalSection(SolutionProperties) = preSolution
		HideSolutionNode = FALSE
	EndGlobalSection
	GlobalSection(ExtensibilityGlobals) = postSolution
		SolutionGuid = {A4B52814-CF89-4E51-ABBC-0D7520EDB803}
	EndGlobalSection
EndGlobal
